
Microsoft Visual Studio Solution File, Format Version 12.00
# Visual Studio Version 17
VisualStudioVersion = 17.11.35431.28
MinimumVisualStudioVersion = 10.0.40219.1
Project("{FAE04EC0-301F-11D3-BF4B-00C04F79EFBC}") = "Encapsulation", "Encapsulation.csproj", "{A53BF89C-B196-4C44-9421-3313D225D6E3}"
EndProject
Global
	GlobalSection(SolutionConfigurationPlatforms) = preSolution
		Debug|Any CPU = Debug|Any CPU
		Release|Any CPU = Release|Any CPU
	EndGlobalSection
	GlobalSection(ProjectConfigurationPlatforms) = postSolution
		{A53BF89C-B196-4C44-9421-3313D225D6E3}.Debug|Any CPU.ActiveCfg = Debug|Any CPU
		{A53BF89C-B196-4C44-9421-3313D225D6E3}.Debug|Any CPU.Build.0 = Debug|Any CPU
		{A53BF89C-B196-4C44-9421-3313D225D6E3}.Release|Any CPU.ActiveCfg = Release|Any CPU
		{A53BF89C-B196-4C44-9421-3313D225D6E3}.Release|Any CPU.Build.0 = Release|Any CPU
	EndGlobalSection
	GlobalSection(SolutionProperties) = preSolution
		HideSolutionNode = FALSE
	EndGlobalSection
	GlobalSection(ExtensibilityGlobals) = postSolution
		SolutionGuid = {794750D5-8F01-4AD5-922F-749DFC416689}
	EndGlobalSection
EndGlobal
