
Microsoft Visual Studio Solution File, Format Version 12.00
# Visual Studio Version 17
VisualStudioVersion = 17.11.35431.28
MinimumVisualStudioVersion = 10.0.40219.1
Project("{FAE04EC0-301F-11D3-BF4B-00C04F79EFBC}") = "lesson8_HMWRK", "lesson8_HMWRK.csproj", "{B51EE5DA-8927-483D-852B-9F87DC27228D}"
EndProject
Global
	GlobalSection(SolutionConfigurationPlatforms) = preSolution
		Debug|Any CPU = Debug|Any CPU
		Release|Any CPU = Release|Any CPU
	EndGlobalSection
	GlobalSection(ProjectConfigurationPlatforms) = postSolution
		{B51EE5DA-8927-483D-852B-9F87DC27228D}.Debug|Any CPU.ActiveCfg = Debug|Any CPU
		{B51EE5DA-8927-483D-852B-9F87DC27228D}.Debug|Any CPU.Build.0 = Debug|Any CPU
		{B51EE5DA-8927-483D-852B-9F87DC27228D}.Release|Any CPU.ActiveCfg = Release|Any CPU
		{B51EE5DA-8927-483D-852B-9F87DC27228D}.Release|Any CPU.Build.0 = Release|Any CPU
	EndGlobalSection
	GlobalSection(SolutionProperties) = preSolution
		HideSolutionNode = FALSE
	EndGlobalSection
	GlobalSection(ExtensibilityGlobals) = postSolution
		SolutionGuid = {91252782-5882-4BD2-90F2-F1C8A7CF834E}
	EndGlobalSection
EndGlobal
